
Microsoft Visual Studio Solution File, Format Version 12.00
# Visual Studio Version 17
VisualStudioVersion = 17.7.34018.315
MinimumVisualStudioVersion = 10.0.40219.1
Project("{FAE04EC0-301F-11D3-BF4B-00C04F79EFBC}") = "D2.net", "D2.net.csproj", "{D9C0F465-1842-4A45-98EA-760FA5CF9501}"
EndProject
Global
	GlobalSection(SolutionConfigurationPlatforms) = preSolution
		Debug|Any CPU = Debug|Any CPU
		Release|Any CPU = Release|Any CPU
	EndGlobalSection
	GlobalSection(ProjectConfigurationPlatforms) = postSolution
		{D9C0F465-1842-4A45-98EA-760FA5CF9501}.Debug|Any CPU.ActiveCfg = Debug|Any CPU
		{D9C0F465-1842-4A45-98EA-760FA5CF9501}.Debug|Any CPU.Build.0 = Debug|Any CPU
		{D9C0F465-1842-4A45-98EA-760FA5CF9501}.Release|Any CPU.ActiveCfg = Release|Any CPU
		{D9C0F465-1842-4A45-98EA-760FA5CF9501}.Release|Any CPU.Build.0 = Release|Any CPU
	EndGlobalSection
	GlobalSection(SolutionProperties) = preSolution
		HideSolutionNode = FALSE
	EndGlobalSection
	GlobalSection(ExtensibilityGlobals) = postSolution
		SolutionGuid = {4D5BB4C5-0DDB-4B11-B953-50770F7C173F}
	EndGlobalSection
EndGlobal
