
Microsoft Visual Studio Solution File, Format Version 12.00
# Visual Studio Version 17
VisualStudioVersion = 17.7.34018.315
MinimumVisualStudioVersion = 10.0.40219.1
Project("{FAE04EC0-301F-11D3-BF4B-00C04F79EFBC}") = "ConsoleApp1", "ConsoleApp1.csproj", "{5FE1BA2A-0C24-4D36-A2DA-B16121E521CA}"
EndProject
Global
	GlobalSection(SolutionConfigurationPlatforms) = preSolution
		Debug|Any CPU = Debug|Any CPU
		Release|Any CPU = Release|Any CPU
	EndGlobalSection
	GlobalSection(ProjectConfigurationPlatforms) = postSolution
		{5FE1BA2A-0C24-4D36-A2DA-B16121E521CA}.Debug|Any CPU.ActiveCfg = Debug|Any CPU
		{5FE1BA2A-0C24-4D36-A2DA-B16121E521CA}.Debug|Any CPU.Build.0 = Debug|Any CPU
		{5FE1BA2A-0C24-4D36-A2DA-B16121E521CA}.Release|Any CPU.ActiveCfg = Release|Any CPU
		{5FE1BA2A-0C24-4D36-A2DA-B16121E521CA}.Release|Any CPU.Build.0 = Release|Any CPU
	EndGlobalSection
	GlobalSection(SolutionProperties) = preSolution
		HideSolutionNode = FALSE
	EndGlobalSection
	GlobalSection(ExtensibilityGlobals) = postSolution
		SolutionGuid = {C63EA644-41A7-4CB4-B249-6BEA95F1CE4C}
	EndGlobalSection
EndGlobal
