
Microsoft Visual Studio Solution File, Format Version 12.00
# Visual Studio Version 17
VisualStudioVersion = 17.7.34018.315
MinimumVisualStudioVersion = 10.0.40219.1
Project("{FAE04EC0-301F-11D3-BF4B-00C04F79EFBC}") = "esercizioMenu", "esercizioMenu.csproj", "{F2CFBC32-4AC1-4F0C-9A47-EF151F551296}"
EndProject
Global
	GlobalSection(SolutionConfigurationPlatforms) = preSolution
		Debug|Any CPU = Debug|Any CPU
		Release|Any CPU = Release|Any CPU
	EndGlobalSection
	GlobalSection(ProjectConfigurationPlatforms) = postSolution
		{F2CFBC32-4AC1-4F0C-9A47-EF151F551296}.Debug|Any CPU.ActiveCfg = Debug|Any CPU
		{F2CFBC32-4AC1-4F0C-9A47-EF151F551296}.Debug|Any CPU.Build.0 = Debug|Any CPU
		{F2CFBC32-4AC1-4F0C-9A47-EF151F551296}.Release|Any CPU.ActiveCfg = Release|Any CPU
		{F2CFBC32-4AC1-4F0C-9A47-EF151F551296}.Release|Any CPU.Build.0 = Release|Any CPU
	EndGlobalSection
	GlobalSection(SolutionProperties) = preSolution
		HideSolutionNode = FALSE
	EndGlobalSection
	GlobalSection(ExtensibilityGlobals) = postSolution
		SolutionGuid = {25111238-9018-4055-831E-840955A30095}
	EndGlobalSection
EndGlobal
